schema: '2.0'
stages:
  ingest:
    cmd: python src/ingest.py
    deps:
    - path: data/raw/events.csv
      hash: md5
      md5: e08e39955ba470eb2b7634de73a129a9
      size: 7959789
    - path: data/raw/products.csv
      hash: md5
      md5: 9cf6bd2b2f3466d3d62b021f88264f2e
      size: 40386853
    - path: src/ingest.py
      hash: md5
      md5: 872e24a9b57d2099f597277401ad096e
      size: 1138
    params:
      params.yaml:
        ingest:
          events_path: data/raw/events.csv
          catalog_path: data/raw/products.csv
          output: data/interim/events_ingested.csv
    outs:
    - path: data/interim/events_ingested.csv
      hash: md5
      md5: 7e21c76aa3366f0082abb72d77f185ab
      size: 7959789
  validate:
    cmd: python src/validate.py
    deps:
    - path: data/interim/events_ingested.csv
      hash: md5
      md5: 7e21c76aa3366f0082abb72d77f185ab
      size: 7959789
    - path: src/validate.py
      hash: md5
      md5: aed7ccccfe1e5e62107579e41dca99a9
      size: 2535
    params:
      params.yaml:
        validate:
          input: data/interim/events_ingested.csv
          output: data/interim/events_valid.csv
          report: reports/validation.json
          allowed_actions:
          - view
          - click
          - add_to_cart
          - purchase
    outs:
    - path: data/interim/events_valid.csv
      hash: md5
      md5: 7e21c76aa3366f0082abb72d77f185ab
      size: 7959789
    - path: reports/validation.json
      hash: md5
      md5: a5671c72b8c90f91ab49b35218f5c8e6
      size: 164
  features:
    cmd: python src/build_features.py
    deps:
    - path: data/interim/events_valid.csv
      hash: md5
      md5: 7e21c76aa3366f0082abb72d77f185ab
      size: 7959789
    - path: src/build_features.py
      hash: md5
      md5: 7d70538af180251070d5eeeea8ee7050
      size: 1407
    params:
      params.yaml:
        features:
          input: data/interim/events_valid.csv
          output: data/processed/interactions.csv
          action_weights:
            view: 1.0
            click: 2.0
            add_to_cart: 3.0
            purchase: 5.0
    outs:
    - path: data/processed/interactions.csv
      hash: md5
      md5: 3a4d5591252fd6db8e06374c1b3e15b1
      size: 2692769
  train:
    cmd: python src/train.py
    deps:
    - path: data/processed/interactions.csv
      hash: md5
      md5: 3a4d5591252fd6db8e06374c1b3e15b1
      size: 2692769
    - path: src/recommender.py
      hash: md5
      md5: ba1ab933a7d44effdf0348ce9bbdfaea
      size: 3603
    - path: src/train.py
      hash: md5
      md5: 8492fd8ae99de7abe9e663e047329fac
      size: 1958
    params:
      params.yaml:
        train:
          input: data/processed/interactions.csv
          model_out: models/item_cf.pkl
          top_k_neighbors: 50
          min_item_interactions: 5
    outs:
    - path: models/item_cf.pkl
      hash: md5
      md5: f409e34a0a8ea856f54c10391ae5af80
      size: 5933065
    - path: models/run_id.txt
      hash: md5
      md5: 4fb5e86bb241d25638d192c80427403c
      size: 32
  evaluate:
    cmd: python src/evaluate.py
    deps:
    - path: data/processed/interactions.csv
      hash: md5
      md5: 3a4d5591252fd6db8e06374c1b3e15b1
      size: 2692769
    - path: data/raw/products.csv
      hash: md5
      md5: 9cf6bd2b2f3466d3d62b021f88264f2e
      size: 40386853
    - path: models/run_id.txt
      hash: md5
      md5: 4fb5e86bb241d25638d192c80427403c
      size: 32
    - path: src/evaluate.py
      hash: md5
      md5: 4a072d560c5aac1f7de618dd8bd88b89
      size: 3602
    - path: src/recommender.py
      hash: md5
      md5: ba1ab933a7d44effdf0348ce9bbdfaea
      size: 3603
    params:
      params.yaml:
        evaluate:
          k: 10
          holdout_per_user: 3
          metrics_out: reports/metrics.json
        train:
          input: data/processed/interactions.csv
          model_out: models/item_cf.pkl
          top_k_neighbors: 50
          min_item_interactions: 5
    outs:
    - path: reports/metrics.json
      hash: md5
      md5: 08944956b126301734e041a24dc71a99
      size: 127
