schema: '2.0'
stages:
  ingest:
    cmd: python src/ingest.py
    deps:
    - path: data/raw/events.csv
      hash: md5
      md5: 4edf0f7cd40a59422403aeff428f1a8a
      size: 9150555
    - path: data/raw/products.csv
      hash: md5
      md5: 9cf6bd2b2f3466d3d62b021f88264f2e
      size: 40386853
    - path: src/ingest.py
      hash: md5
      md5: 872e24a9b57d2099f597277401ad096e
      size: 1138
    params:
      params.yaml:
        ingest:
          events_path: data/raw/events.csv
          catalog_path: data/raw/products.csv
          output: data/interim/events_ingested.csv
    outs:
    - path: data/interim/events_ingested.csv
      hash: md5
      md5: 3c258dec35b568b917c6beba80c57241
      size: 9150555
  validate:
    cmd: python src/validate.py
    deps:
    - path: data/interim/events_ingested.csv
      hash: md5
      md5: 3c258dec35b568b917c6beba80c57241
      size: 9150555
    - path: src/validate.py
      hash: md5
      md5: aed7ccccfe1e5e62107579e41dca99a9
      size: 2535
    params:
      params.yaml:
        validate:
          input: data/interim/events_ingested.csv
          output: data/interim/events_valid.csv
          report: reports/validation.json
          allowed_actions:
          - view
          - click
          - add_to_cart
          - purchase
    outs:
    - path: data/interim/events_valid.csv
      hash: md5
      md5: 3c258dec35b568b917c6beba80c57241
      size: 9150555
    - path: reports/validation.json
      hash: md5
      md5: a57bec3038e5bf3b7da650be1adde3d6
      size: 164
  features:
    cmd: python src/build_features.py
    deps:
    - path: data/interim/events_valid.csv
      hash: md5
      md5: 3c258dec35b568b917c6beba80c57241
      size: 9150555
    - path: src/build_features.py
      hash: md5
      md5: 7d70538af180251070d5eeeea8ee7050
      size: 1407
    params:
      params.yaml:
        features:
          input: data/interim/events_valid.csv
          output: data/processed/interactions.csv
          action_weights:
            view: 1.0
            click: 2.0
            add_to_cart: 3.0
            purchase: 5.0
    outs:
    - path: data/processed/interactions.csv
      hash: md5
      md5: 6d1219bc690760360c21543cd26a821a
      size: 2951618
  train:
    cmd: python src/train.py
    deps:
    - path: data/processed/interactions.csv
      hash: md5
      md5: 6d1219bc690760360c21543cd26a821a
      size: 2951618
    - path: src/recommender.py
      hash: md5
      md5: ba1ab933a7d44effdf0348ce9bbdfaea
      size: 3603
    - path: src/train.py
      hash: md5
      md5: 8492fd8ae99de7abe9e663e047329fac
      size: 1958
    params:
      params.yaml:
        train:
          input: data/processed/interactions.csv
          model_out: models/item_cf.pkl
          top_k_neighbors: 50
          min_item_interactions: 5
    outs:
    - path: models/item_cf.pkl
      hash: md5
      md5: 1053910cd443f106127797cdbf370a0d
      size: 6448433
    - path: models/run_id.txt
      hash: md5
      md5: 5182486b0f8cf334a6c782d65653da01
      size: 32
  evaluate:
    cmd: python src/evaluate.py
    deps:
    - path: data/processed/interactions.csv
      hash: md5
      md5: 6d1219bc690760360c21543cd26a821a
      size: 2951618
    - path: data/raw/products.csv
      hash: md5
      md5: 9cf6bd2b2f3466d3d62b021f88264f2e
      size: 40386853
    - path: models/run_id.txt
      hash: md5
      md5: 5182486b0f8cf334a6c782d65653da01
      size: 32
    - path: src/evaluate.py
      hash: md5
      md5: 4a072d560c5aac1f7de618dd8bd88b89
      size: 3602
    - path: src/recommender.py
      hash: md5
      md5: ba1ab933a7d44effdf0348ce9bbdfaea
      size: 3603
    params:
      params.yaml:
        evaluate:
          k: 10
          holdout_per_user: 3
          metrics_out: reports/metrics.json
        train:
          input: data/processed/interactions.csv
          model_out: models/item_cf.pkl
          top_k_neighbors: 50
          min_item_interactions: 5
    outs:
    - path: reports/metrics.json
      hash: md5
      md5: 614ff29b13d272c02629398a635c2909
      size: 126
